{
  "name": "code-review-unity",
  "version": "1.0.1",
  "lockfileVersion": 3,
  "requires": true,
  "packages": {
    "": {
      "name": "code-review-unity",
      "version": "1.0.1",
      "license": "MIT",
      "bin": {
        "code-review-unity": "index.js"
      },
      "engines": {
        "node": ">=18.0.0"
      }
    }
  }
}
